{
  "name": "forgejo-dist",
  "version": "v1.21.10-0-2",
  "lockfileVersion": 3,
  "requires": true,
  "packages": {
    "": {
      "name": "forgejo-dist",
      "version": "v1.21.10-0-2",
      "license": "MIT",
      "optionalDependencies": {
        "forgejo-dist-linux-arm64": "v1.21.10-0-2",
        "forgejo-dist-linux-x64": "v1.21.10-0-2"
      }
    }
  }
}
