{
  "name": "forgejo-dist",
  "version": "v1.21.10-0-1",
  "lockfileVersion": 3,
  "requires": true,
  "packages": {
    "": {
      "name": "forgejo-dist",
      "version": "v1.21.10-0-1",
      "license": "MIT",
      "optionalDependencies": {
        "forgejo-dist-linux-arm64": "v1.21.10-0-1",
        "forgejo-dist-linux-x64": "v1.21.10-0-1"
      }
    },
    "node_modules/forgejo-dist-linux-arm64": {
      "version": "1.21.10-0-1",
      "resolved": "https://registry.npmjs.org/forgejo-dist-linux-arm64/-/forgejo-dist-linux-arm64-1.21.10-0-1.tgz",
      "integrity": "sha512-8XHKT1MLIlCismT89WePiukGH7rwKHZD/dg09XhpqnoKwumrKzhKEKmfntu3BERboJCOBxR9g53IJfGUfNfoqg==",
      "cpu": [
        "arm64"
      ],
      "optional": true,
      "os": [
        "linux"
      ],
      "bin": {
        "forgejo-dist-linux-arm64": "forgejo"
      }
    },
    "node_modules/forgejo-dist-linux-x64": {
      "version": "1.21.10-0-1",
      "resolved": "https://registry.npmjs.org/forgejo-dist-linux-x64/-/forgejo-dist-linux-x64-1.21.10-0-1.tgz",
      "integrity": "sha512-EFHlGHcMdt3JBft6+xNGj6m2AEGCI+GEn/TmeXqzFmvguvMbFD6nBMrglmLw5mx9H6MZcVwKyQSDTM4oQtP3SQ==",
      "cpu": [
        "x64"
      ],
      "optional": true,
      "os": [
        "linux"
      ],
      "bin": {
        "forgejo-dist-linux-x64": "forgejo"
      }
    }
  }
}
